{
	"name": "femap",
	"version": "1.0.0",
	"lockfileVersion": 1,
	"requires": true,
	"dependencies": {
		"utils": {
			"version": "file:../common/utils",
			"requires": {
				"jsonwebtoken": "^8.5.1"
			},
			"dependencies": {
				"buffer-equal-constant-time": {
					"version": "1.0.1",
					"resolved": "https://registry.npm.taobao.org/buffer-equal-constant-time/download/buffer-equal-constant-time-1.0.1.tgz",
					"integrity": "sha1-+OcRMvf/5uAaXJaXpMbz5I1cyBk="
				},
				"ecdsa-sig-formatter": {
					"version": "1.0.11",
					"resolved": "https://registry.npm.taobao.org/ecdsa-sig-formatter/download/ecdsa-sig-formatter-1.0.11.tgz",
					"integrity": "sha1-rg8PothQRe8UqBfao86azQSJ5b8=",
					"requires": {
						"safe-buffer": "^5.0.1"
					}
				},
				"jsonwebtoken": {
					"version": "8.5.1",
					"resolved": "https://registry.npm.taobao.org/jsonwebtoken/download/jsonwebtoken-8.5.1.tgz",
					"integrity": "sha1-AOceC431TCEhofJhN98igGc7zA0=",
					"requires": {
						"jws": "^3.2.2",
						"lodash.includes": "^4.3.0",
						"lodash.isboolean": "^3.0.3",
						"lodash.isinteger": "^4.0.4",
						"lodash.isnumber": "^3.0.3",
						"lodash.isplainobject": "^4.0.6",
						"lodash.isstring": "^4.0.1",
						"lodash.once": "^4.0.0",
						"ms": "^2.1.1",
						"semver": "^5.6.0"
					}
				},
				"jwa": {
					"version": "1.4.1",
					"resolved": "https://registry.npm.taobao.org/jwa/download/jwa-1.4.1.tgz",
					"integrity": "sha1-dDwymFy56YZVUw1TZBtmyGRbA5o=",
					"requires": {
						"buffer-equal-constant-time": "1.0.1",
						"ecdsa-sig-formatter": "1.0.11",
						"safe-buffer": "^5.0.1"
					}
				},
				"jws": {
					"version": "3.2.2",
					"resolved": "https://registry.npm.taobao.org/jws/download/jws-3.2.2.tgz",
					"integrity": "sha1-ABCZ82OUaMlBQADpmZX6UvtHgwQ=",
					"requires": {
						"jwa": "^1.4.1",
						"safe-buffer": "^5.0.1"
					}
				},
				"lodash.includes": {
					"version": "4.3.0",
					"resolved": "https://registry.npm.taobao.org/lodash.includes/download/lodash.includes-4.3.0.tgz",
					"integrity": "sha1-YLuYqHy5I8aMoeUTJUgzFISfVT8="
				},
				"lodash.isboolean": {
					"version": "3.0.3",
					"resolved": "https://registry.npm.taobao.org/lodash.isboolean/download/lodash.isboolean-3.0.3.tgz",
					"integrity": "sha1-bC4XHbKiV82WgC/UOwGyDV9YcPY="
				},
				"lodash.isinteger": {
					"version": "4.0.4",
					"resolved": "https://registry.npm.taobao.org/lodash.isinteger/download/lodash.isinteger-4.0.4.tgz",
					"integrity": "sha1-YZwK89A/iwTDH1iChAt3sRzWg0M="
				},
				"lodash.isnumber": {
					"version": "3.0.3",
					"resolved": "https://registry.npm.taobao.org/lodash.isnumber/download/lodash.isnumber-3.0.3.tgz",
					"integrity": "sha1-POdoEMWSjQM1IwGsKHMX8RwLH/w="
				},
				"lodash.isplainobject": {
					"version": "4.0.6",
					"resolved": "https://registry.npm.taobao.org/lodash.isplainobject/download/lodash.isplainobject-4.0.6.tgz",
					"integrity": "sha1-fFJqUtibRcRcxpC4gWO+BJf1UMs="
				},
				"lodash.isstring": {
					"version": "4.0.1",
					"resolved": "https://registry.npm.taobao.org/lodash.isstring/download/lodash.isstring-4.0.1.tgz",
					"integrity": "sha1-1SfftUVuynzJu5XV2ur4i6VKVFE="
				},
				"lodash.once": {
					"version": "4.1.1",
					"resolved": "https://registry.npm.taobao.org/lodash.once/download/lodash.once-4.1.1.tgz",
					"integrity": "sha1-DdOXEhPHxW34gJd9UEyI+0cal6w="
				},
				"ms": {
					"version": "2.1.3",
					"resolved": "https://registry.nlark.com/ms/download/ms-2.1.3.tgz",
					"integrity": "sha1-V0yBOM4dK1hh8LRFedut1gxmFbI="
				},
				"safe-buffer": {
					"version": "5.2.1",
					"resolved": "https://registry.npm.taobao.org/safe-buffer/download/safe-buffer-5.2.1.tgz",
					"integrity": "sha1-Hq+fqb2x/dTsdfWPnNtOa3gn7sY="
				},
				"semver": {
					"version": "5.7.1",
					"resolved": "https://registry.npm.taobao.org/semver/download/semver-5.7.1.tgz?cache=0&sync_timestamp=1616463641178&other_urls=https%3A%2F%2Fregistry.npm.taobao.org%2Fsemver%2Fdownload%2Fsemver-5.7.1.tgz",
					"integrity": "sha1-qVT5Ma66UI0we78Gnv8MAclhFvc="
				}
			}
		}
	}
}
